
Microsoft Visual Studio Solution File, Format Version 12.00
# Visual Studio 15
VisualStudioVersion = 15.0.26228.10
MinimumVisualStudioVersion = 10.0.40219.1
Project("{FAE04EC0-301F-11D3-BF4B-00C04F79EFBC}") = "Force", "Force\Force.csproj", "{FB262EF5-16F5-47ED-AA59-327E923875D4}"
EndProject
Project("{FAE04EC0-301F-11D3-BF4B-00C04F79EFBC}") = "Force.AutoMapper", "Force.AutoMapper\Force.AutoMapper.csproj", "{CDD11DB8-6417-47CE-9389-5D17FF56D43E}"
EndProject
Project("{FAE04EC0-301F-11D3-BF4B-00C04F79EFBC}") = "DemoApp.Web", "DemoApp.Web\DemoApp.Web.csproj", "{1414CC2F-FF4E-485D-98E8-CA6B664C0EF6}"
EndProject
Project("{FAE04EC0-301F-11D3-BF4B-00C04F79EFBC}") = "DemoApp.Domain", "DemoApp.Domain\DemoApp.Domain.csproj", "{A85993D5-3642-44BC-8381-5DC858692C73}"
EndProject
Project("{FAE04EC0-301F-11D3-BF4B-00C04F79EFBC}") = "DemoApp.Data", "DemoApp.Data\DemoApp.Data.csproj", "{FD3CFC17-6F65-4880-B49B-9E3D6F41B474}"
EndProject
Project("{FAE04EC0-301F-11D3-BF4B-00C04F79EFBC}") = "Force.Tests", "Force.Tests\Force.Tests.csproj", "{9FCD8212-A320-4BD8-B97D-AA6F7AC4FF98}"
EndProject
Project("{2150E333-8FDC-42A3-9474-1A3956D46DE8}") = "Libs", "Libs", "{1F609644-3F67-42E5-BC70-528565DB8F7B}"
EndProject
Project("{2150E333-8FDC-42A3-9474-1A3956D46DE8}") = "Modules", "Modules", "{9B4C8DEB-69D8-43EC-A5DC-03DB61E0D0CB}"
EndProject
Project("{2150E333-8FDC-42A3-9474-1A3956D46DE8}") = "Domain", "Domain", "{180B65D9-F881-4F02-9F4B-784885F6E16A}"
EndProject
Project("{2150E333-8FDC-42A3-9474-1A3956D46DE8}") = "App", "App", "{A1958B10-13A0-4B28-B1AA-3EE8493A46BE}"
EndProject
Project("{2150E333-8FDC-42A3-9474-1A3956D46DE8}") = "Data", "Data", "{EAFE28AF-6364-4421-A73A-429A3ECCCDD7}"
EndProject
Project("{FAE04EC0-301F-11D3-BF4B-00C04F79EFBC}") = "DemoApp.Shop", "DemoApp.Shop\DemoApp.Shop.csproj", "{266DD9F8-1E68-495B-860F-1CE04EFA2257}"
EndProject
Project("{FAE04EC0-301F-11D3-BF4B-00C04F79EFBC}") = "Force.AspNetCore.Mvc", "Force.AspNetCore.Mvc\Force.AspNetCore.Mvc.csproj", "{52A1C26A-DE5B-4A1E-99C9-91C5AE5C2B95}"
EndProject
Project("{FAE04EC0-301F-11D3-BF4B-00C04F79EFBC}") = "DemoApp.Core", "DemoApp.Core\DemoApp.Core.csproj", "{C67CDBA7-208B-4FF6-86FA-1128878EECA1}"
EndProject
Project("{2150E333-8FDC-42A3-9474-1A3956D46DE8}") = "DemoApp", "DemoApp", "{5929B096-90C0-47FB-A18B-53BCAB9E03BF}"
EndProject
Project("{FAE04EC0-301F-11D3-BF4B-00C04F79EFBC}") = "Force.Decorators", "Force.Decorators\Force.Decorators.csproj", "{3EF32692-BBF7-498F-AB33-DE9EAC88A2F3}"
EndProject
Project("{FAE04EC0-301F-11D3-BF4B-00C04F79EFBC}") = "DemoApp.Admin", "DemoApp.Admin\DemoApp.Admin.csproj", "{D2F1084A-D722-4139-984C-18DFD91DC01A}"
EndProject
Project("{FAE04EC0-301F-11D3-BF4B-00C04F79EFBC}") = "Force.Meta", "Force.Meta\Force.Meta.csproj", "{04F712A9-4742-43A8-A537-873DC3E38843}"
EndProject
Project("{2150E333-8FDC-42A3-9474-1A3956D46DE8}") = "Force", "Force", "{69C78446-6B1A-4506-8798-E792C14601DF}"
EndProject
Global
	GlobalSection(SolutionConfigurationPlatforms) = preSolution
		Debug|Any CPU = Debug|Any CPU
		Release|Any CPU = Release|Any CPU
	EndGlobalSection
	GlobalSection(ProjectConfigurationPlatforms) = postSolution
		{FB262EF5-16F5-47ED-AA59-327E923875D4}.Debug|Any CPU.ActiveCfg = Debug|Any CPU
		{FB262EF5-16F5-47ED-AA59-327E923875D4}.Debug|Any CPU.Build.0 = Debug|Any CPU
		{FB262EF5-16F5-47ED-AA59-327E923875D4}.Release|Any CPU.ActiveCfg = Release|Any CPU
		{FB262EF5-16F5-47ED-AA59-327E923875D4}.Release|Any CPU.Build.0 = Release|Any CPU
		{CDD11DB8-6417-47CE-9389-5D17FF56D43E}.Debug|Any CPU.ActiveCfg = Debug|Any CPU
		{CDD11DB8-6417-47CE-9389-5D17FF56D43E}.Debug|Any CPU.Build.0 = Debug|Any CPU
		{CDD11DB8-6417-47CE-9389-5D17FF56D43E}.Release|Any CPU.ActiveCfg = Release|Any CPU
		{CDD11DB8-6417-47CE-9389-5D17FF56D43E}.Release|Any CPU.Build.0 = Release|Any CPU
		{1414CC2F-FF4E-485D-98E8-CA6B664C0EF6}.Debug|Any CPU.ActiveCfg = Debug|Any CPU
		{1414CC2F-FF4E-485D-98E8-CA6B664C0EF6}.Debug|Any CPU.Build.0 = Debug|Any CPU
		{1414CC2F-FF4E-485D-98E8-CA6B664C0EF6}.Release|Any CPU.ActiveCfg = Release|Any CPU
		{1414CC2F-FF4E-485D-98E8-CA6B664C0EF6}.Release|Any CPU.Build.0 = Release|Any CPU
		{A85993D5-3642-44BC-8381-5DC858692C73}.Debug|Any CPU.ActiveCfg = Debug|Any CPU
		{A85993D5-3642-44BC-8381-5DC858692C73}.Debug|Any CPU.Build.0 = Debug|Any CPU
		{A85993D5-3642-44BC-8381-5DC858692C73}.Release|Any CPU.ActiveCfg = Release|Any CPU
		{A85993D5-3642-44BC-8381-5DC858692C73}.Release|Any CPU.Build.0 = Release|Any CPU
		{FD3CFC17-6F65-4880-B49B-9E3D6F41B474}.Debug|Any CPU.ActiveCfg = Debug|Any CPU
		{FD3CFC17-6F65-4880-B49B-9E3D6F41B474}.Debug|Any CPU.Build.0 = Debug|Any CPU
		{FD3CFC17-6F65-4880-B49B-9E3D6F41B474}.Release|Any CPU.ActiveCfg = Release|Any CPU
		{FD3CFC17-6F65-4880-B49B-9E3D6F41B474}.Release|Any CPU.Build.0 = Release|Any CPU
		{9FCD8212-A320-4BD8-B97D-AA6F7AC4FF98}.Debug|Any CPU.ActiveCfg = Debug|Any CPU
		{9FCD8212-A320-4BD8-B97D-AA6F7AC4FF98}.Debug|Any CPU.Build.0 = Debug|Any CPU
		{9FCD8212-A320-4BD8-B97D-AA6F7AC4FF98}.Release|Any CPU.ActiveCfg = Release|Any CPU
		{9FCD8212-A320-4BD8-B97D-AA6F7AC4FF98}.Release|Any CPU.Build.0 = Release|Any CPU
		{266DD9F8-1E68-495B-860F-1CE04EFA2257}.Debug|Any CPU.ActiveCfg = Debug|Any CPU
		{266DD9F8-1E68-495B-860F-1CE04EFA2257}.Debug|Any CPU.Build.0 = Debug|Any CPU
		{266DD9F8-1E68-495B-860F-1CE04EFA2257}.Release|Any CPU.ActiveCfg = Release|Any CPU
		{266DD9F8-1E68-495B-860F-1CE04EFA2257}.Release|Any CPU.Build.0 = Release|Any CPU
		{52A1C26A-DE5B-4A1E-99C9-91C5AE5C2B95}.Debug|Any CPU.ActiveCfg = Debug|Any CPU
		{52A1C26A-DE5B-4A1E-99C9-91C5AE5C2B95}.Debug|Any CPU.Build.0 = Debug|Any CPU
		{52A1C26A-DE5B-4A1E-99C9-91C5AE5C2B95}.Release|Any CPU.ActiveCfg = Release|Any CPU
		{52A1C26A-DE5B-4A1E-99C9-91C5AE5C2B95}.Release|Any CPU.Build.0 = Release|Any CPU
		{C67CDBA7-208B-4FF6-86FA-1128878EECA1}.Debug|Any CPU.ActiveCfg = Debug|Any CPU
		{C67CDBA7-208B-4FF6-86FA-1128878EECA1}.Debug|Any CPU.Build.0 = Debug|Any CPU
		{C67CDBA7-208B-4FF6-86FA-1128878EECA1}.Release|Any CPU.ActiveCfg = Release|Any CPU
		{C67CDBA7-208B-4FF6-86FA-1128878EECA1}.Release|Any CPU.Build.0 = Release|Any CPU
		{3EF32692-BBF7-498F-AB33-DE9EAC88A2F3}.Debug|Any CPU.ActiveCfg = Debug|Any CPU
		{3EF32692-BBF7-498F-AB33-DE9EAC88A2F3}.Debug|Any CPU.Build.0 = Debug|Any CPU
		{3EF32692-BBF7-498F-AB33-DE9EAC88A2F3}.Release|Any CPU.ActiveCfg = Release|Any CPU
		{3EF32692-BBF7-498F-AB33-DE9EAC88A2F3}.Release|Any CPU.Build.0 = Release|Any CPU
		{D2F1084A-D722-4139-984C-18DFD91DC01A}.Debug|Any CPU.ActiveCfg = Debug|Any CPU
		{D2F1084A-D722-4139-984C-18DFD91DC01A}.Debug|Any CPU.Build.0 = Debug|Any CPU
		{D2F1084A-D722-4139-984C-18DFD91DC01A}.Release|Any CPU.ActiveCfg = Release|Any CPU
		{D2F1084A-D722-4139-984C-18DFD91DC01A}.Release|Any CPU.Build.0 = Release|Any CPU
		{04F712A9-4742-43A8-A537-873DC3E38843}.Debug|Any CPU.ActiveCfg = Debug|Any CPU
		{04F712A9-4742-43A8-A537-873DC3E38843}.Debug|Any CPU.Build.0 = Debug|Any CPU
		{04F712A9-4742-43A8-A537-873DC3E38843}.Release|Any CPU.ActiveCfg = Release|Any CPU
		{04F712A9-4742-43A8-A537-873DC3E38843}.Release|Any CPU.Build.0 = Release|Any CPU
	EndGlobalSection
	GlobalSection(SolutionProperties) = preSolution
		HideSolutionNode = FALSE
	EndGlobalSection
	GlobalSection(NestedProjects) = preSolution
		{A85993D5-3642-44BC-8381-5DC858692C73} = {180B65D9-F881-4F02-9F4B-784885F6E16A}
		{FD3CFC17-6F65-4880-B49B-9E3D6F41B474} = {EAFE28AF-6364-4421-A73A-429A3ECCCDD7}
		{1414CC2F-FF4E-485D-98E8-CA6B664C0EF6} = {A1958B10-13A0-4B28-B1AA-3EE8493A46BE}
		{266DD9F8-1E68-495B-860F-1CE04EFA2257} = {9B4C8DEB-69D8-43EC-A5DC-03DB61E0D0CB}
		{C67CDBA7-208B-4FF6-86FA-1128878EECA1} = {9B4C8DEB-69D8-43EC-A5DC-03DB61E0D0CB}
		{A1958B10-13A0-4B28-B1AA-3EE8493A46BE} = {5929B096-90C0-47FB-A18B-53BCAB9E03BF}
		{EAFE28AF-6364-4421-A73A-429A3ECCCDD7} = {5929B096-90C0-47FB-A18B-53BCAB9E03BF}
		{180B65D9-F881-4F02-9F4B-784885F6E16A} = {5929B096-90C0-47FB-A18B-53BCAB9E03BF}
		{1F609644-3F67-42E5-BC70-528565DB8F7B} = {5929B096-90C0-47FB-A18B-53BCAB9E03BF}
		{9B4C8DEB-69D8-43EC-A5DC-03DB61E0D0CB} = {5929B096-90C0-47FB-A18B-53BCAB9E03BF}
		{D2F1084A-D722-4139-984C-18DFD91DC01A} = {9B4C8DEB-69D8-43EC-A5DC-03DB61E0D0CB}
		{FB262EF5-16F5-47ED-AA59-327E923875D4} = {69C78446-6B1A-4506-8798-E792C14601DF}
		{52A1C26A-DE5B-4A1E-99C9-91C5AE5C2B95} = {69C78446-6B1A-4506-8798-E792C14601DF}
		{CDD11DB8-6417-47CE-9389-5D17FF56D43E} = {69C78446-6B1A-4506-8798-E792C14601DF}
		{3EF32692-BBF7-498F-AB33-DE9EAC88A2F3} = {69C78446-6B1A-4506-8798-E792C14601DF}
		{04F712A9-4742-43A8-A537-873DC3E38843} = {69C78446-6B1A-4506-8798-E792C14601DF}
		{9FCD8212-A320-4BD8-B97D-AA6F7AC4FF98} = {69C78446-6B1A-4506-8798-E792C14601DF}
	EndGlobalSection
EndGlobal
