
Microsoft Visual Studio Solution File, Format Version 12.00
# Visual Studio 15
VisualStudioVersion = 15.0.26228.9
MinimumVisualStudioVersion = 10.0.40219.1
Project("{9A19103F-16F7-4668-BE54-9A1E7A4F7556}") = "Force", "Force\Force.csproj", "{A0481FEE-FE52-40D8-B9A6-323B466E57B7}"
EndProject
Project("{9A19103F-16F7-4668-BE54-9A1E7A4F7556}") = "Force.AutoMapper", "Force.AutoMapper\Force.AutoMapper.csproj", "{EE9B12DC-F5CB-4674-99AF-428BFCEED36E}"
EndProject
Project("{FAE04EC0-301F-11D3-BF4B-00C04F79EFBC}") = "ClassLibraryNetStandard", "ClassLibraryNetStandard\ClassLibraryNetStandard.csproj", "{D2898BF3-E21E-4B0F-92C7-1539884A06D2}"
EndProject
Project("{FAE04EC0-301F-11D3-BF4B-00C04F79EFBC}") = "ClassLibraryNetCore", "ClassLibraryNetCore\ClassLibraryNetCore.csproj", "{28F7E511-7913-4A86-846C-1D25F96CD5B2}"
EndProject
Global
	GlobalSection(SolutionConfigurationPlatforms) = preSolution
		Debug|Any CPU = Debug|Any CPU
		Release|Any CPU = Release|Any CPU
	EndGlobalSection
	GlobalSection(ProjectConfigurationPlatforms) = postSolution
		{A0481FEE-FE52-40D8-B9A6-323B466E57B7}.Debug|Any CPU.ActiveCfg = Debug|Any CPU
		{A0481FEE-FE52-40D8-B9A6-323B466E57B7}.Debug|Any CPU.Build.0 = Debug|Any CPU
		{A0481FEE-FE52-40D8-B9A6-323B466E57B7}.Release|Any CPU.ActiveCfg = Release|Any CPU
		{A0481FEE-FE52-40D8-B9A6-323B466E57B7}.Release|Any CPU.Build.0 = Release|Any CPU
		{EE9B12DC-F5CB-4674-99AF-428BFCEED36E}.Debug|Any CPU.ActiveCfg = Debug|Any CPU
		{EE9B12DC-F5CB-4674-99AF-428BFCEED36E}.Debug|Any CPU.Build.0 = Debug|Any CPU
		{EE9B12DC-F5CB-4674-99AF-428BFCEED36E}.Release|Any CPU.ActiveCfg = Release|Any CPU
		{EE9B12DC-F5CB-4674-99AF-428BFCEED36E}.Release|Any CPU.Build.0 = Release|Any CPU
		{D2898BF3-E21E-4B0F-92C7-1539884A06D2}.Debug|Any CPU.ActiveCfg = Debug|Any CPU
		{D2898BF3-E21E-4B0F-92C7-1539884A06D2}.Debug|Any CPU.Build.0 = Debug|Any CPU
		{D2898BF3-E21E-4B0F-92C7-1539884A06D2}.Release|Any CPU.ActiveCfg = Release|Any CPU
		{D2898BF3-E21E-4B0F-92C7-1539884A06D2}.Release|Any CPU.Build.0 = Release|Any CPU
		{28F7E511-7913-4A86-846C-1D25F96CD5B2}.Debug|Any CPU.ActiveCfg = Debug|Any CPU
		{28F7E511-7913-4A86-846C-1D25F96CD5B2}.Debug|Any CPU.Build.0 = Debug|Any CPU
		{28F7E511-7913-4A86-846C-1D25F96CD5B2}.Release|Any CPU.ActiveCfg = Release|Any CPU
		{28F7E511-7913-4A86-846C-1D25F96CD5B2}.Release|Any CPU.Build.0 = Release|Any CPU
	EndGlobalSection
	GlobalSection(SolutionProperties) = preSolution
		HideSolutionNode = FALSE
	EndGlobalSection
EndGlobal
