
Microsoft Visual Studio Solution File, Format Version 12.00
# Visual Studio 15
VisualStudioVersion = 15.0.26228.10
MinimumVisualStudioVersion = 10.0.40219.1
Project("{FAE04EC0-301F-11D3-BF4B-00C04F79EFBC}") = "Force", "Force\Force.csproj", "{FB262EF5-16F5-47ED-AA59-327E923875D4}"
EndProject
Project("{FAE04EC0-301F-11D3-BF4B-00C04F79EFBC}") = "Force.Tests", "Force.Tests\Force.Tests.csproj", "{64E5449A-CB76-4F6E-B589-371FFB9A064F}"
EndProject
Project("{FAE04EC0-301F-11D3-BF4B-00C04F79EFBC}") = "WebApp.Web", "WebApp.Web\WebApp.Web.csproj", "{B0671388-89CA-4CB4-BEA4-4DAEA5D2A56D}"
EndProject
Project("{2150E333-8FDC-42A3-9474-1A3956D46DE8}") = "Samples", "Samples", "{D7E07644-6414-496F-AFFB-2F80958D8639}"
EndProject
Project("{2150E333-8FDC-42A3-9474-1A3956D46DE8}") = "WebApp", "WebApp", "{6571F2D0-8AB7-4F1C-8CF8-D5CAD56C875A}"
EndProject
Project("{FAE04EC0-301F-11D3-BF4B-00C04F79EFBC}") = "WebApp.Domain", "WebApp.Domain\WebApp.Domain.csproj", "{DCEAFFEB-FB6E-4E94-8951-87D70E5BEEAB}"
EndProject
Project("{FAE04EC0-301F-11D3-BF4B-00C04F79EFBC}") = "WebApp.Data", "WebApp.Data\WebApp.Data.csproj", "{5DC5FD32-A6B7-45FC-B426-3EA5AAAC8F56}"
EndProject
Global
	GlobalSection(SolutionConfigurationPlatforms) = preSolution
		Debug|Any CPU = Debug|Any CPU
		Release|Any CPU = Release|Any CPU
	EndGlobalSection
	GlobalSection(ProjectConfigurationPlatforms) = postSolution
		{FB262EF5-16F5-47ED-AA59-327E923875D4}.Debug|Any CPU.ActiveCfg = Debug|Any CPU
		{FB262EF5-16F5-47ED-AA59-327E923875D4}.Debug|Any CPU.Build.0 = Debug|Any CPU
		{FB262EF5-16F5-47ED-AA59-327E923875D4}.Release|Any CPU.ActiveCfg = Release|Any CPU
		{FB262EF5-16F5-47ED-AA59-327E923875D4}.Release|Any CPU.Build.0 = Release|Any CPU
		{64E5449A-CB76-4F6E-B589-371FFB9A064F}.Debug|Any CPU.ActiveCfg = Debug|Any CPU
		{64E5449A-CB76-4F6E-B589-371FFB9A064F}.Debug|Any CPU.Build.0 = Debug|Any CPU
		{64E5449A-CB76-4F6E-B589-371FFB9A064F}.Release|Any CPU.ActiveCfg = Release|Any CPU
		{64E5449A-CB76-4F6E-B589-371FFB9A064F}.Release|Any CPU.Build.0 = Release|Any CPU
		{B0671388-89CA-4CB4-BEA4-4DAEA5D2A56D}.Debug|Any CPU.ActiveCfg = Debug|Any CPU
		{B0671388-89CA-4CB4-BEA4-4DAEA5D2A56D}.Debug|Any CPU.Build.0 = Debug|Any CPU
		{B0671388-89CA-4CB4-BEA4-4DAEA5D2A56D}.Release|Any CPU.ActiveCfg = Release|Any CPU
		{B0671388-89CA-4CB4-BEA4-4DAEA5D2A56D}.Release|Any CPU.Build.0 = Release|Any CPU
		{DCEAFFEB-FB6E-4E94-8951-87D70E5BEEAB}.Debug|Any CPU.ActiveCfg = Debug|Any CPU
		{DCEAFFEB-FB6E-4E94-8951-87D70E5BEEAB}.Debug|Any CPU.Build.0 = Debug|Any CPU
		{DCEAFFEB-FB6E-4E94-8951-87D70E5BEEAB}.Release|Any CPU.ActiveCfg = Release|Any CPU
		{DCEAFFEB-FB6E-4E94-8951-87D70E5BEEAB}.Release|Any CPU.Build.0 = Release|Any CPU
		{5DC5FD32-A6B7-45FC-B426-3EA5AAAC8F56}.Debug|Any CPU.ActiveCfg = Debug|Any CPU
		{5DC5FD32-A6B7-45FC-B426-3EA5AAAC8F56}.Debug|Any CPU.Build.0 = Debug|Any CPU
		{5DC5FD32-A6B7-45FC-B426-3EA5AAAC8F56}.Release|Any CPU.ActiveCfg = Release|Any CPU
		{5DC5FD32-A6B7-45FC-B426-3EA5AAAC8F56}.Release|Any CPU.Build.0 = Release|Any CPU
	EndGlobalSection
	GlobalSection(SolutionProperties) = preSolution
		HideSolutionNode = FALSE
	EndGlobalSection
	GlobalSection(NestedProjects) = preSolution
		{6571F2D0-8AB7-4F1C-8CF8-D5CAD56C875A} = {D7E07644-6414-496F-AFFB-2F80958D8639}
		{B0671388-89CA-4CB4-BEA4-4DAEA5D2A56D} = {6571F2D0-8AB7-4F1C-8CF8-D5CAD56C875A}
		{DCEAFFEB-FB6E-4E94-8951-87D70E5BEEAB} = {6571F2D0-8AB7-4F1C-8CF8-D5CAD56C875A}
		{5DC5FD32-A6B7-45FC-B426-3EA5AAAC8F56} = {6571F2D0-8AB7-4F1C-8CF8-D5CAD56C875A}
	EndGlobalSection
EndGlobal
